// !$*UTF8*$!
{
	archiveVersion = 1;
	classes = {
	};
	objectVersion = 46;
	objects = {

/* Begin PBXBuildFile section */
		0061C75D1B8B3A2D00517873 /* main.m in Sources */ = {isa = PBXBuildFile; fileRef = 0061C75C1B8B3A2D00517873 /* main.m */; };
		0061C7601B8B3A2D00517873 /* AppDelegate.m in Sources */ = {isa = PBXBuildFile; fileRef = 0061C75F1B8B3A2D00517873 /* AppDelegate.m */; };
		0061C7631B8B3A2D00517873 /* ViewController.m in Sources */ = {isa = PBXBuildFile; fileRef = 0061C7621B8B3A2D00517873 /* ViewController.m */; };
		0061C7661B8B3A2D00517873 /* Main.storyboard in Resources */ = {isa = PBXBuildFile; fileRef = 0061C7641B8B3A2D00517873 /* Main.storyboard */; };
		0061C7681B8B3A2D00517873 /* Assets.xcassets in Resources */ = {isa = PBXBuildFile; fileRef = 0061C7671B8B3A2D00517873 /* Assets.xcassets */; };
		0061C76B1B8B3A2D00517873 /* LaunchScreen.storyboard in Resources */ = {isa = PBXBuildFile; fileRef = 0061C7691B8B3A2D00517873 /* LaunchScreen.storyboard */; };
		0061C7761B8B3A2D00517873 /* D_ControlsTests.m in Sources */ = {isa = PBXBuildFile; fileRef = 0061C7751B8B3A2D00517873 /* D_ControlsTests.m */; };
		0061C7811B8B3A2D00517873 /* D_ControlsUITests.m in Sources */ = {isa = PBXBuildFile; fileRef = 0061C7801B8B3A2D00517873 /* D_ControlsUITests.m */; };
		0061C7F51B8C1DCD00517873 /* GCDAsyncSocket.m in Sources */ = {isa = PBXBuildFile; fileRef = 0061C7ED1B8C1DCD00517873 /* GCDAsyncSocket.m */; };
		0061C7F61B8C1DCD00517873 /* GCDAsyncUdpSocket.m in Sources */ = {isa = PBXBuildFile; fileRef = 0061C7EF1B8C1DCD00517873 /* GCDAsyncUdpSocket.m */; };
		0061C7F71B8C1DCD00517873 /* AsyncSocket.m in Sources */ = {isa = PBXBuildFile; fileRef = 0061C7F21B8C1DCD00517873 /* AsyncSocket.m */; };
		0061C7F81B8C1DCD00517873 /* AsyncUdpSocket.m in Sources */ = {isa = PBXBuildFile; fileRef = 0061C7F41B8C1DCD00517873 /* AsyncUdpSocket.m */; };
		0061C84B1B8C1F3700517873 /* NSArray+BlocksKit.m in Sources */ = {isa = PBXBuildFile; fileRef = 0061C8041B8C1F3700517873 /* NSArray+BlocksKit.m */; };
		0061C84C1B8C1F3700517873 /* NSDictionary+BlocksKit.m in Sources */ = {isa = PBXBuildFile; fileRef = 0061C8061B8C1F3700517873 /* NSDictionary+BlocksKit.m */; };
		0061C84D1B8C1F3700517873 /* NSIndexSet+BlocksKit.m in Sources */ = {isa = PBXBuildFile; fileRef = 0061C8081B8C1F3700517873 /* NSIndexSet+BlocksKit.m */; };
		0061C84E1B8C1F3700517873 /* NSInvocation+BlocksKit.m in Sources */ = {isa = PBXBuildFile; fileRef = 0061C80A1B8C1F3700517873 /* NSInvocation+BlocksKit.m */; };
		0061C84F1B8C1F3700517873 /* NSMutableArray+BlocksKit.m in Sources */ = {isa = PBXBuildFile; fileRef = 0061C80C1B8C1F3700517873 /* NSMutableArray+BlocksKit.m */; };
		0061C8501B8C1F3700517873 /* NSMutableDictionary+BlocksKit.m in Sources */ = {isa = PBXBuildFile; fileRef = 0061C80E1B8C1F3700517873 /* NSMutableDictionary+BlocksKit.m */; };
		0061C8511B8C1F3700517873 /* NSMutableIndexSet+BlocksKit.m in Sources */ = {isa = PBXBuildFile; fileRef = 0061C8101B8C1F3700517873 /* NSMutableIndexSet+BlocksKit.m */; };
		0061C8521B8C1F3700517873 /* NSMutableOrderedSet+BlocksKit.m in Sources */ = {isa = PBXBuildFile; fileRef = 0061C8121B8C1F3700517873 /* NSMutableOrderedSet+BlocksKit.m */; };
		0061C8531B8C1F3700517873 /* NSMutableSet+BlocksKit.m in Sources */ = {isa = PBXBuildFile; fileRef = 0061C8141B8C1F3700517873 /* NSMutableSet+BlocksKit.m */; };
		0061C8541B8C1F3700517873 /* NSObject+BKAssociatedObjects.m in Sources */ = {isa = PBXBuildFile; fileRef = 0061C8161B8C1F3700517873 /* NSObject+BKAssociatedObjects.m */; };
		0061C8551B8C1F3700517873 /* NSObject+BKBlockExecution.m in Sources */ = {isa = PBXBuildFile; fileRef = 0061C8181B8C1F3700517873 /* NSObject+BKBlockExecution.m */; };
		0061C8561B8C1F3700517873 /* NSObject+BKBlockObservation.m in Sources */ = {isa = PBXBuildFile; fileRef = 0061C81A1B8C1F3700517873 /* NSObject+BKBlockObservation.m */; };
		0061C8571B8C1F3700517873 /* NSOrderedSet+BlocksKit.m in Sources */ = {isa = PBXBuildFile; fileRef = 0061C81C1B8C1F3700517873 /* NSOrderedSet+BlocksKit.m */; };
		0061C8581B8C1F3700517873 /* NSSet+BlocksKit.m in Sources */ = {isa = PBXBuildFile; fileRef = 0061C81E1B8C1F3700517873 /* NSSet+BlocksKit.m */; };
		0061C8591B8C1F3700517873 /* NSTimer+BlocksKit.m in Sources */ = {isa = PBXBuildFile; fileRef = 0061C8201B8C1F3700517873 /* NSTimer+BlocksKit.m */; };
		0061C85A1B8C1F3700517873 /* A2BlockInvocation.m in Sources */ = {isa = PBXBuildFile; fileRef = 0061C8231B8C1F3700517873 /* A2BlockInvocation.m */; };
		0061C85B1B8C1F3700517873 /* A2DynamicDelegate.m in Sources */ = {isa = PBXBuildFile; fileRef = 0061C8251B8C1F3700517873 /* A2DynamicDelegate.m */; };
		0061C85C1B8C1F3700517873 /* NSCache+BlocksKit.m in Sources */ = {isa = PBXBuildFile; fileRef = 0061C8281B8C1F3700517873 /* NSCache+BlocksKit.m */; };
		0061C85D1B8C1F3700517873 /* NSURLConnection+BlocksKit.m in Sources */ = {isa = PBXBuildFile; fileRef = 0061C82A1B8C1F3700517873 /* NSURLConnection+BlocksKit.m */; };
		0061C85E1B8C1F3700517873 /* NSObject+A2BlockDelegate.m in Sources */ = {isa = PBXBuildFile; fileRef = 0061C82C1B8C1F3700517873 /* NSObject+A2BlockDelegate.m */; };
		0061C85F1B8C1F3700517873 /* NSObject+A2DynamicDelegate.m in Sources */ = {isa = PBXBuildFile; fileRef = 0061C82E1B8C1F3700517873 /* NSObject+A2DynamicDelegate.m */; };
		0061C8601B8C1F3700517873 /* MFMailComposeViewController+BlocksKit.m in Sources */ = {isa = PBXBuildFile; fileRef = 0061C8311B8C1F3700517873 /* MFMailComposeViewController+BlocksKit.m */; };
		0061C8611B8C1F3700517873 /* MFMessageComposeViewController+BlocksKit.m in Sources */ = {isa = PBXBuildFile; fileRef = 0061C8331B8C1F3700517873 /* MFMessageComposeViewController+BlocksKit.m */; };
		0061C8621B8C1F3700517873 /* UIActionSheet+BlocksKit.m in Sources */ = {isa = PBXBuildFile; fileRef = 0061C8361B8C1F3700517873 /* UIActionSheet+BlocksKit.m */; };
		0061C8631B8C1F3700517873 /* UIAlertView+BlocksKit.m in Sources */ = {isa = PBXBuildFile; fileRef = 0061C8381B8C1F3700517873 /* UIAlertView+BlocksKit.m */; };
		0061C8641B8C1F3700517873 /* UIBarButtonItem+BlocksKit.m in Sources */ = {isa = PBXBuildFile; fileRef = 0061C83A1B8C1F3700517873 /* UIBarButtonItem+BlocksKit.m */; };
		0061C8651B8C1F3700517873 /* UIControl+BlocksKit.m in Sources */ = {isa = PBXBuildFile; fileRef = 0061C83C1B8C1F3700517873 /* UIControl+BlocksKit.m */; };
		0061C8661B8C1F3700517873 /* UIGestureRecognizer+BlocksKit.m in Sources */ = {isa = PBXBuildFile; fileRef = 0061C83E1B8C1F3700517873 /* UIGestureRecognizer+BlocksKit.m */; };
		0061C8671B8C1F3700517873 /* UIImagePickerController+BlocksKit.m in Sources */ = {isa = PBXBuildFile; fileRef = 0061C8401B8C1F3700517873 /* UIImagePickerController+BlocksKit.m */; };
		0061C8681B8C1F3700517873 /* UIPopoverController+BlocksKit.m in Sources */ = {isa = PBXBuildFile; fileRef = 0061C8421B8C1F3700517873 /* UIPopoverController+BlocksKit.m */; };
		0061C8691B8C1F3700517873 /* UITextField+BlocksKit.m in Sources */ = {isa = PBXBuildFile; fileRef = 0061C8441B8C1F3700517873 /* UITextField+BlocksKit.m */; };
		0061C86A1B8C1F3700517873 /* UIView+BlocksKit.m in Sources */ = {isa = PBXBuildFile; fileRef = 0061C8461B8C1F3700517873 /* UIView+BlocksKit.m */; };
		0061C86B1B8C1F3700517873 /* UIWebView+BlocksKit.m in Sources */ = {isa = PBXBuildFile; fileRef = 0061C8481B8C1F3700517873 /* UIWebView+BlocksKit.m */; };
		0061C87A1B8C4ED700517873 /* JSONKit.m in Sources */ = {isa = PBXBuildFile; fileRef = 0061C8791B8C4ED700517873 /* JSONKit.m */; settings = {COMPILER_FLAGS = "-fno-objc-arc"; }; };
		0061C9311B8C6A8400517873 /* AuthorizeManager.m in Sources */ = {isa = PBXBuildFile; fileRef = 0061C8FA1B8C6A8400517873 /* AuthorizeManager.m */; };
		0061C9321B8C6A8400517873 /* BHBase64EncoderDecoder.m in Sources */ = {isa = PBXBuildFile; fileRef = 0061C8FC1B8C6A8400517873 /* BHBase64EncoderDecoder.m */; };
		0061C9331B8C6A8400517873 /* BHBufferMsg.m in Sources */ = {isa = PBXBuildFile; fileRef = 0061C8FE1B8C6A8400517873 /* BHBufferMsg.m */; };
		0061C9341B8C6A8400517873 /* BHConnectManager.m in Sources */ = {isa = PBXBuildFile; fileRef = 0061C9001B8C6A8400517873 /* BHConnectManager.m */; };
		0061C9351B8C6A8400517873 /* BHLocationManager.m in Sources */ = {isa = PBXBuildFile; fileRef = 0061C9021B8C6A8400517873 /* BHLocationManager.m */; };
		0061C9361B8C6A8400517873 /* BHMsgInfo.m in Sources */ = {isa = PBXBuildFile; fileRef = 0061C9041B8C6A8400517873 /* BHMsgInfo.m */; };
		0061C9371B8C6A8400517873 /* BHSocketBaseMsg.m in Sources */ = {isa = PBXBuildFile; fileRef = 0061C9061B8C6A8400517873 /* BHSocketBaseMsg.m */; };
		0061C9381B8C6A8400517873 /* BHSocketChatRecMsg.m in Sources */ = {isa = PBXBuildFile; fileRef = 0061C9081B8C6A8400517873 /* BHSocketChatRecMsg.m */; };
		0061C9391B8C6A8400517873 /* BHSocketConnectInfo.m in Sources */ = {isa = PBXBuildFile; fileRef = 0061C90A1B8C6A8400517873 /* BHSocketConnectInfo.m */; };
		0061C93A1B8C6A8400517873 /* BHSocketEngine.m in Sources */ = {isa = PBXBuildFile; fileRef = 0061C90C1B8C6A8400517873 /* BHSocketEngine.m */; };
		0061C93B1B8C6A8400517873 /* BHSocketLoginStatusMsg.m in Sources */ = {isa = PBXBuildFile; fileRef = 0061C90E1B8C6A8400517873 /* BHSocketLoginStatusMsg.m */; };
		0061C93C1B8C6A8400517873 /* BHSocketLogoutMsg.m in Sources */ = {isa = PBXBuildFile; fileRef = 0061C9101B8C6A8400517873 /* BHSocketLogoutMsg.m */; };
		0061C93D1B8C6A8400517873 /* BHSocketRecMsgStatusMsg.m in Sources */ = {isa = PBXBuildFile; fileRef = 0061C9121B8C6A8400517873 /* BHSocketRecMsgStatusMsg.m */; };
		0061C93E1B8C6A8400517873 /* BHSocketSendChatMsg.m in Sources */ = {isa = PBXBuildFile; fileRef = 0061C9141B8C6A8400517873 /* BHSocketSendChatMsg.m */; };
		0061C93F1B8C6A8400517873 /* BHSocketSendLoginMsg.m in Sources */ = {isa = PBXBuildFile; fileRef = 0061C9161B8C6A8400517873 /* BHSocketSendLoginMsg.m */; };
		0061C9401B8C6A8400517873 /* CtrlStateManager.m in Sources */ = {isa = PBXBuildFile; fileRef = 0061C9181B8C6A8400517873 /* CtrlStateManager.m */; };
		0061C9411B8C6A8400517873 /* DCManager.m in Sources */ = {isa = PBXBuildFile; fileRef = 0061C91A1B8C6A8400517873 /* DCManager.m */; };
		0061C9421B8C6A8400517873 /* DCManagerInfo.m in Sources */ = {isa = PBXBuildFile; fileRef = 0061C91C1B8C6A8400517873 /* DCManagerInfo.m */; };
		0061C9431B8C6A8400517873 /* DCManagerTool.m in Sources */ = {isa = PBXBuildFile; fileRef = 0061C91E1B8C6A8400517873 /* DCManagerTool.m */; };
		0061C9441B8C6A8400517873 /* FrameNumManager.m in Sources */ = {isa = PBXBuildFile; fileRef = 0061C9201B8C6A8400517873 /* FrameNumManager.m */; };
		0061C9451B8C6A8400517873 /* GlobalDef.m in Sources */ = {isa = PBXBuildFile; fileRef = 0061C9221B8C6A8400517873 /* GlobalDef.m */; };
		0061C9461B8C6A8400517873 /* IPAdress.c in Sources */ = {isa = PBXBuildFile; fileRef = 0061C9231B8C6A8400517873 /* IPAdress.c */; };
		0061C9471B8C6A8400517873 /* PacketManager.m in Sources */ = {isa = PBXBuildFile; fileRef = 0061C9261B8C6A8400517873 /* PacketManager.m */; };
		0061C9481B8C6A8400517873 /* PfcManager.m in Sources */ = {isa = PBXBuildFile; fileRef = 0061C9281B8C6A8400517873 /* PfcManager.m */; };
		0061C9491B8C6A8400517873 /* PlistManager.m in Sources */ = {isa = PBXBuildFile; fileRef = 0061C92A1B8C6A8400517873 /* PlistManager.m */; };
		0061C94A1B8C6A8400517873 /* QuickData.m in Sources */ = {isa = PBXBuildFile; fileRef = 0061C92C1B8C6A8400517873 /* QuickData.m */; };
		0061C94B1B8C6A8400517873 /* QuickPath.m in Sources */ = {isa = PBXBuildFile; fileRef = 0061C92E1B8C6A8400517873 /* QuickPath.m */; };
		0061C94C1B8C6A8400517873 /* UdpManager.m in Sources */ = {isa = PBXBuildFile; fileRef = 0061C9301B8C6A8400517873 /* UdpManager.m */; };
/* End PBXBuildFile section */

/* Begin PBXContainerItemProxy section */
		0061C7721B8B3A2D00517873 /* PBXContainerItemProxy */ = {
			isa = PBXContainerItemProxy;
			containerPortal = 0061C7501B8B3A2D00517873 /* Project object */;
			proxyType = 1;
			remoteGlobalIDString = 0061C7571B8B3A2D00517873;
			remoteInfo = "D-Controls";
		};
		0061C77D1B8B3A2D00517873 /* PBXContainerItemProxy */ = {
			isa = PBXContainerItemProxy;
			containerPortal = 0061C7501B8B3A2D00517873 /* Project object */;
			proxyType = 1;
			remoteGlobalIDString = 0061C7571B8B3A2D00517873;
			remoteInfo = "D-Controls";
		};
/* End PBXContainerItemProxy section */

/* Begin PBXFileReference section */
		0061C7581B8B3A2D00517873 /* D-Controls.app */ = {isa = PBXFileReference; explicitFileType = wrapper.application; includeInIndex = 0; path = "D-Controls.app"; sourceTree = BUILT_PRODUCTS_DIR; };
		0061C75C1B8B3A2D00517873 /* main.m */ = {isa = PBXFileReference; lastKnownFileType = sourcecode.c.objc; path = main.m; sourceTree = "<group>"; };
		0061C75E1B8B3A2D00517873 /* AppDelegate.h */ = {isa = PBXFileReference; lastKnownFileType = sourcecode.c.h; path = AppDelegate.h; sourceTree = "<group>"; };
		0061C75F1B8B3A2D00517873 /* AppDelegate.m */ = {isa = PBXFileReference; lastKnownFileType = sourcecode.c.objc; path = AppDelegate.m; sourceTree = "<group>"; };
		0061C7611B8B3A2D00517873 /* ViewController.h */ = {isa = PBXFileReference; lastKnownFileType = sourcecode.c.h; path = ViewController.h; sourceTree = "<group>"; };
		0061C7621B8B3A2D00517873 /* ViewController.m */ = {isa = PBXFileReference; lastKnownFileType = sourcecode.c.objc; path = ViewController.m; sourceTree = "<group>"; };
		0061C7651B8B3A2D00517873 /* Base */ = {isa = PBXFileReference; lastKnownFileType = file.storyboard; name = Base; path = Base.lproj/Main.storyboard; sourceTree = "<group>"; };
		0061C7671B8B3A2D00517873 /* Assets.xcassets */ = {isa = PBXFileReference; lastKnownFileType = folder.assetcatalog; path = Assets.xcassets; sourceTree = "<group>"; };
		0061C76A1B8B3A2D00517873 /* Base */ = {isa = PBXFileReference; lastKnownFileType = file.storyboard; name = Base; path = Base.lproj/LaunchScreen.storyboard; sourceTree = "<group>"; };
		0061C76C1B8B3A2D00517873 /* Info.plist */ = {isa = PBXFileReference; lastKnownFileType = text.plist.xml; path = Info.plist; sourceTree = "<group>"; };
		0061C7711B8B3A2D00517873 /* D-ControlsTests.xctest */ = {isa = PBXFileReference; explicitFileType = wrapper.cfbundle; includeInIndex = 0; path = "D-ControlsTests.xctest"; sourceTree = BUILT_PRODUCTS_DIR; };
		0061C7751B8B3A2D00517873 /* D_ControlsTests.m */ = {isa = PBXFileReference; lastKnownFileType = sourcecode.c.objc; path = D_ControlsTests.m; sourceTree = "<group>"; };
		0061C7771B8B3A2D00517873 /* Info.plist */ = {isa = PBXFileReference; lastKnownFileType = text.plist.xml; path = Info.plist; sourceTree = "<group>"; };
		0061C77C1B8B3A2D00517873 /* D-ControlsUITests.xctest */ = {isa = PBXFileReference; explicitFileType = wrapper.cfbundle; includeInIndex = 0; path = "D-ControlsUITests.xctest"; sourceTree = BUILT_PRODUCTS_DIR; };
		0061C7801B8B3A2D00517873 /* D_ControlsUITests.m */ = {isa = PBXFileReference; lastKnownFileType = sourcecode.c.objc; path = D_ControlsUITests.m; sourceTree = "<group>"; };
		0061C7821B8B3A2D00517873 /* Info.plist */ = {isa = PBXFileReference; lastKnownFileType = text.plist.xml; path = Info.plist; sourceTree = "<group>"; };
		0061C7EC1B8C1DCD00517873 /* GCDAsyncSocket.h */ = {isa = PBXFileReference; fileEncoding = 4; lastKnownFileType = sourcecode.c.h; path = GCDAsyncSocket.h; sourceTree = "<group>"; };
		0061C7ED1B8C1DCD00517873 /* GCDAsyncSocket.m */ = {isa = PBXFileReference; fileEncoding = 4; lastKnownFileType = sourcecode.c.objc; path = GCDAsyncSocket.m; sourceTree = "<group>"; };
		0061C7EE1B8C1DCD00517873 /* GCDAsyncUdpSocket.h */ = {isa = PBXFileReference; fileEncoding = 4; lastKnownFileType = sourcecode.c.h; path = GCDAsyncUdpSocket.h; sourceTree = "<group>"; };
		0061C7EF1B8C1DCD00517873 /* GCDAsyncUdpSocket.m */ = {isa = PBXFileReference; fileEncoding = 4; lastKnownFileType = sourcecode.c.objc; path = GCDAsyncUdpSocket.m; sourceTree = "<group>"; };
		0061C7F11B8C1DCD00517873 /* AsyncSocket.h */ = {isa = PBXFileReference; fileEncoding = 4; lastKnownFileType = sourcecode.c.h; path = AsyncSocket.h; sourceTree = "<group>"; };
		0061C7F21B8C1DCD00517873 /* AsyncSocket.m */ = {isa = PBXFileReference; fileEncoding = 4; lastKnownFileType = sourcecode.c.objc; path = AsyncSocket.m; sourceTree = "<group>"; };
		0061C7F31B8C1DCD00517873 /* AsyncUdpSocket.h */ = {isa = PBXFileReference; fileEncoding = 4; lastKnownFileType = sourcecode.c.h; path = AsyncUdpSocket.h; sourceTree = "<group>"; };
		0061C7F41B8C1DCD00517873 /* AsyncUdpSocket.m */ = {isa = PBXFileReference; fileEncoding = 4; lastKnownFileType = sourcecode.c.objc; path = AsyncUdpSocket.m; sourceTree = "<group>"; };
		0061C7FE1B8C1F3700517873 /* BlocksKit+MessageUI.h */ = {isa = PBXFileReference; fileEncoding = 4; lastKnownFileType = sourcecode.c.h; path = "BlocksKit+MessageUI.h"; sourceTree = "<group>"; };
		0061C7FF1B8C1F3700517873 /* BlocksKit+UIKit.h */ = {isa = PBXFileReference; fileEncoding = 4; lastKnownFileType = sourcecode.c.h; path = "BlocksKit+UIKit.h"; sourceTree = "<group>"; };
		0061C8001B8C1F3700517873 /* BlocksKit.h */ = {isa = PBXFileReference; fileEncoding = 4; lastKnownFileType = sourcecode.c.h; path = BlocksKit.h; sourceTree = "<group>"; };
		0061C8021B8C1F3700517873 /* BKMacros.h */ = {isa = PBXFileReference; fileEncoding = 4; lastKnownFileType = sourcecode.c.h; path = BKMacros.h; sourceTree = "<group>"; };
		0061C8031B8C1F3700517873 /* NSArray+BlocksKit.h */ = {isa = PBXFileReference; fileEncoding = 4; lastKnownFileType = sourcecode.c.h; path = "NSArray+BlocksKit.h"; sourceTree = "<group>"; };
		0061C8041B8C1F3700517873 /* NSArray+BlocksKit.m */ = {isa = PBXFileReference; fileEncoding = 4; lastKnownFileType = sourcecode.c.objc; path = "NSArray+BlocksKit.m"; sourceTree = "<group>"; };
		0061C8051B8C1F3700517873 /* NSDictionary+BlocksKit.h */ = {isa = PBXFileReference; fileEncoding = 4; lastKnownFileType = sourcecode.c.h; path = "NSDictionary+BlocksKit.h"; sourceTree = "<group>"; };
		0061C8061B8C1F3700517873 /* NSDictionary+BlocksKit.m */ = {isa = PBXFileReference; fileEncoding = 4; lastKnownFileType = sourcecode.c.objc; path = "NSDictionary+BlocksKit.m"; sourceTree = "<group>"; };
		0061C8071B8C1F3700517873 /* NSIndexSet+BlocksKit.h */ = {isa = PBXFileReference; fileEncoding = 4; lastKnownFileType = sourcecode.c.h; path = "NSIndexSet+BlocksKit.h"; sourceTree = "<group>"; };
		0061C8081B8C1F3700517873 /* NSIndexSet+BlocksKit.m */ = {isa = PBXFileReference; fileEncoding = 4; lastKnownFileType = sourcecode.c.objc; path = "NSIndexSet+BlocksKit.m"; sourceTree = "<group>"; };
		0061C8091B8C1F3700517873 /* NSInvocation+BlocksKit.h */ = {isa = PBXFileReference; fileEncoding = 4; lastKnownFileType = sourcecode.c.h; path = "NSInvocation+BlocksKit.h"; sourceTree = "<group>"; };
		0061C80A1B8C1F3700517873 /* NSInvocation+BlocksKit.m */ = {isa = PBXFileReference; fileEncoding = 4; lastKnownFileType = sourcecode.c.objc; path = "NSInvocation+BlocksKit.m"; sourceTree = "<group>"; };
		0061C80B1B8C1F3700517873 /* NSMutableArray+BlocksKit.h */ = {isa = PBXFileReference; fileEncoding = 4; lastKnownFileType = sourcecode.c.h; path = "NSMutableArray+BlocksKit.h"; sourceTree = "<group>"; };
		0061C80C1B8C1F3700517873 /* NSMutableArray+BlocksKit.m */ = {isa = PBXFileReference; fileEncoding = 4; lastKnownFileType = sourcecode.c.objc; path = "NSMutableArray+BlocksKit.m"; sourceTree = "<group>"; };
		0061C80D1B8C1F3700517873 /* NSMutableDictionary+BlocksKit.h */ = {isa = PBXFileReference; fileEncoding = 4; lastKnownFileType = sourcecode.c.h; path = "NSMutableDictionary+BlocksKit.h"; sourceTree = "<group>"; };
		0061C80E1B8C1F3700517873 /* NSMutableDictionary+BlocksKit.m */ = {isa = PBXFileReference; fileEncoding = 4; lastKnownFileType = sourcecode.c.objc; path = "NSMutableDictionary+BlocksKit.m"; sourceTree = "<group>"; };
		0061C80F1B8C1F3700517873 /* NSMutableIndexSet+BlocksKit.h */ = {isa = PBXFileReference; fileEncoding = 4; lastKnownFileType = sourcecode.c.h; path = "NSMutableIndexSet+BlocksKit.h"; sourceTree = "<group>"; };
		0061C8101B8C1F3700517873 /* NSMutableIndexSet+BlocksKit.m */ = {isa = PBXFileReference; fileEncoding = 4; lastKnownFileType = sourcecode.c.objc; path = "NSMutableIndexSet+BlocksKit.m"; sourceTree = "<group>"; };
		0061C8111B8C1F3700517873 /* NSMutableOrderedSet+BlocksKit.h */ = {isa = PBXFileReference; fileEncoding = 4; lastKnownFileType = sourcecode.c.h; path = "NSMutableOrderedSet+BlocksKit.h"; sourceTree = "<group>"; };
		0061C8121B8C1F3700517873 /* NSMutableOrderedSet+BlocksKit.m */ = {isa = PBXFileReference; fileEncoding = 4; lastKnownFileType = sourcecode.c.objc; path = "NSMutableOrderedSet+BlocksKit.m"; sourceTree = "<group>"; };
		0061C8131B8C1F3700517873 /* NSMutableSet+BlocksKit.h */ = {isa = PBXFileReference; fileEncoding = 4; lastKnownFileType = sourcecode.c.h; path = "NSMutableSet+BlocksKit.h"; sourceTree = "<group>"; };
		0061C8141B8C1F3700517873 /* NSMutableSet+BlocksKit.m */ = {isa = PBXFileReference; fileEncoding = 4; lastKnownFileType = sourcecode.c.objc; path = "NSMutableSet+BlocksKit.m"; sourceTree = "<group>"; };
		0061C8151B8C1F3700517873 /* NSObject+BKAssociatedObjects.h */ = {isa = PBXFileReference; fileEncoding = 4; lastKnownFileType = sourcecode.c.h; path = "NSObject+BKAssociatedObjects.h"; sourceTree = "<group>"; };
		0061C8161B8C1F3700517873 /* NSObject+BKAssociatedObjects.m */ = {isa = PBXFileReference; fileEncoding = 4; lastKnownFileType = sourcecode.c.objc; path = "NSObject+BKAssociatedObjects.m"; sourceTree = "<group>"; };
		0061C8171B8C1F3700517873 /* NSObject+BKBlockExecution.h */ = {isa = PBXFileReference; fileEncoding = 4; lastKnownFileType = sourcecode.c.h; path = "NSObject+BKBlockExecution.h"; sourceTree = "<group>"; };
		0061C8181B8C1F3700517873 /* NSObject+BKBlockExecution.m */ = {isa = PBXFileReference; fileEncoding = 4; lastKnownFileType = sourcecode.c.objc; path = "NSObject+BKBlockExecution.m"; sourceTree = "<group>"; };
		0061C8191B8C1F3700517873 /* NSObject+BKBlockObservation.h */ = {isa = PBXFileReference; fileEncoding = 4; lastKnownFileType = sourcecode.c.h; path = "NSObject+BKBlockObservation.h"; sourceTree = "<group>"; };
		0061C81A1B8C1F3700517873 /* NSObject+BKBlockObservation.m */ = {isa = PBXFileReference; fileEncoding = 4; lastKnownFileType = sourcecode.c.objc; path = "NSObject+BKBlockObservation.m"; sourceTree = "<group>"; };
		0061C81B1B8C1F3700517873 /* NSOrderedSet+BlocksKit.h */ = {isa = PBXFileReference; fileEncoding = 4; lastKnownFileType = sourcecode.c.h; path = "NSOrderedSet+BlocksKit.h"; sourceTree = "<group>"; };
		0061C81C1B8C1F3700517873 /* NSOrderedSet+BlocksKit.m */ = {isa = PBXFileReference; fileEncoding = 4; lastKnownFileType = sourcecode.c.objc; path = "NSOrderedSet+BlocksKit.m"; sourceTree = "<group>"; };
		0061C81D1B8C1F3700517873 /* NSSet+BlocksKit.h */ = {isa = PBXFileReference; fileEncoding = 4; lastKnownFileType = sourcecode.c.h; path = "NSSet+BlocksKit.h"; sourceTree = "<group>"; };
		0061C81E1B8C1F3700517873 /* NSSet+BlocksKit.m */ = {isa = PBXFileReference; fileEncoding = 4; lastKnownFileType = sourcecode.c.objc; path = "NSSet+BlocksKit.m"; sourceTree = "<group>"; };
		0061C81F1B8C1F3700517873 /* NSTimer+BlocksKit.h */ = {isa = PBXFileReference; fileEncoding = 4; lastKnownFileType = sourcecode.c.h; path = "NSTimer+BlocksKit.h"; sourceTree = "<group>"; };
		0061C8201B8C1F3700517873 /* NSTimer+BlocksKit.m */ = {isa = PBXFileReference; fileEncoding = 4; lastKnownFileType = sourcecode.c.objc; path = "NSTimer+BlocksKit.m"; sourceTree = "<group>"; };
		0061C8221B8C1F3700517873 /* A2BlockInvocation.h */ = {isa = PBXFileReference; fileEncoding = 4; lastKnownFileType = sourcecode.c.h; path = A2BlockInvocation.h; sourceTree = "<group>"; };
		0061C8231B8C1F3700517873 /* A2BlockInvocation.m */ = {isa = PBXFileReference; fileEncoding = 4; lastKnownFileType = sourcecode.c.objc; path = A2BlockInvocation.m; sourceTree = "<group>"; };
		0061C8241B8C1F3700517873 /* A2DynamicDelegate.h */ = {isa = PBXFileReference; fileEncoding = 4; lastKnownFileType = sourcecode.c.h; path = A2DynamicDelegate.h; sourceTree = "<group>"; };
		0061C8251B8C1F3700517873 /* A2DynamicDelegate.m */ = {isa = PBXFileReference; fileEncoding = 4; lastKnownFileType = sourcecode.c.objc; path = A2DynamicDelegate.m; sourceTree = "<group>"; };
		0061C8271B8C1F3700517873 /* NSCache+BlocksKit.h */ = {isa = PBXFileReference; fileEncoding = 4; lastKnownFileType = sourcecode.c.h; path = "NSCache+BlocksKit.h"; sourceTree = "<group>"; };
		0061C8281B8C1F3700517873 /* NSCache+BlocksKit.m */ = {isa = PBXFileReference; fileEncoding = 4; lastKnownFileType = sourcecode.c.objc; path = "NSCache+BlocksKit.m"; sourceTree = "<group>"; };
		0061C8291B8C1F3700517873 /* NSURLConnection+BlocksKit.h */ = {isa = PBXFileReference; fileEncoding = 4; lastKnownFileType = sourcecode.c.h; path = "NSURLConnection+BlocksKit.h"; sourceTree = "<group>"; };
		0061C82A1B8C1F3700517873 /* NSURLConnection+BlocksKit.m */ = {isa = PBXFileReference; fileEncoding = 4; lastKnownFileType = sourcecode.c.objc; path = "NSURLConnection+BlocksKit.m"; sourceTree = "<group>"; };
		0061C82B1B8C1F3700517873 /* NSObject+A2BlockDelegate.h */ = {isa = PBXFileReference; fileEncoding = 4; lastKnownFileType = sourcecode.c.h; path = "NSObject+A2BlockDelegate.h"; sourceTree = "<group>"; };
		0061C82C1B8C1F3700517873 /* NSObject+A2BlockDelegate.m */ = {isa = PBXFileReference; fileEncoding = 4; lastKnownFileType = sourcecode.c.objc; path = "NSObject+A2BlockDelegate.m"; sourceTree = "<group>"; };
		0061C82D1B8C1F3700517873 /* NSObject+A2DynamicDelegate.h */ = {isa = PBXFileReference; fileEncoding = 4; lastKnownFileType = sourcecode.c.h; path = "NSObject+A2DynamicDelegate.h"; sourceTree = "<group>"; };
		0061C82E1B8C1F3700517873 /* NSObject+A2DynamicDelegate.m */ = {isa = PBXFileReference; fileEncoding = 4; lastKnownFileType = sourcecode.c.objc; path = "NSObject+A2DynamicDelegate.m"; sourceTree = "<group>"; };
		0061C8301B8C1F3700517873 /* MFMailComposeViewController+BlocksKit.h */ = {isa = PBXFileReference; fileEncoding = 4; lastKnownFileType = sourcecode.c.h; path = "MFMailComposeViewController+BlocksKit.h"; sourceTree = "<group>"; };
		0061C8311B8C1F3700517873 /* MFMailComposeViewController+BlocksKit.m */ = {isa = PBXFileReference; fileEncoding = 4; lastKnownFileType = sourcecode.c.objc; path = "MFMailComposeViewController+BlocksKit.m"; sourceTree = "<group>"; };
		0061C8321B8C1F3700517873 /* MFMessageComposeViewController+BlocksKit.h */ = {isa = PBXFileReference; fileEncoding = 4; lastKnownFileType = sourcecode.c.h; path = "MFMessageComposeViewController+BlocksKit.h"; sourceTree = "<group>"; };
		0061C8331B8C1F3700517873 /* MFMessageComposeViewController+BlocksKit.m */ = {isa = PBXFileReference; fileEncoding = 4; lastKnownFileType = sourcecode.c.objc; path = "MFMessageComposeViewController+BlocksKit.m"; sourceTree = "<group>"; };
		0061C8351B8C1F3700517873 /* UIActionSheet+BlocksKit.h */ = {isa = PBXFileReference; fileEncoding = 4; lastKnownFileType = sourcecode.c.h; path = "UIActionSheet+BlocksKit.h"; sourceTree = "<group>"; };
		0061C8361B8C1F3700517873 /* UIActionSheet+BlocksKit.m */ = {isa = PBXFileReference; fileEncoding = 4; lastKnownFileType = sourcecode.c.objc; path = "UIActionSheet+BlocksKit.m"; sourceTree = "<group>"; };
		0061C8371B8C1F3700517873 /* UIAlertView+BlocksKit.h */ = {isa = PBXFileReference; fileEncoding = 4; lastKnownFileType = sourcecode.c.h; path = "UIAlertView+BlocksKit.h"; sourceTree = "<group>"; };
		0061C8381B8C1F3700517873 /* UIAlertView+BlocksKit.m */ = {isa = PBXFileReference; fileEncoding = 4; lastKnownFileType = sourcecode.c.objc; path = "UIAlertView+BlocksKit.m"; sourceTree = "<group>"; };
		0061C8391B8C1F3700517873 /* UIBarButtonItem+BlocksKit.h */ = {isa = PBXFileReference; fileEncoding = 4; lastKnownFileType = sourcecode.c.h; path = "UIBarButtonItem+BlocksKit.h"; sourceTree = "<group>"; };
		0061C83A1B8C1F3700517873 /* UIBarButtonItem+BlocksKit.m */ = {isa = PBXFileReference; fileEncoding = 4; lastKnownFileType = sourcecode.c.objc; path = "UIBarButtonItem+BlocksKit.m"; sourceTree = "<group>"; };
		0061C83B1B8C1F3700517873 /* UIControl+BlocksKit.h */ = {isa = PBXFileReference; fileEncoding = 4; lastKnownFileType = sourcecode.c.h; path = "UIControl+BlocksKit.h"; sourceTree = "<group>"; };
		0061C83C1B8C1F3700517873 /* UIControl+BlocksKit.m */ = {isa = PBXFileReference; fileEncoding = 4; lastKnownFileType = sourcecode.c.objc; path = "UIControl+BlocksKit.m"; sourceTree = "<group>"; };
		0061C83D1B8C1F3700517873 /* UIGestureRecognizer+BlocksKit.h */ = {isa = PBXFileReference; fileEncoding = 4; lastKnownFileType = sourcecode.c.h; path = "UIGestureRecognizer+BlocksKit.h"; sourceTree = "<group>"; };
		0061C83E1B8C1F3700517873 /* UIGestureRecognizer+BlocksKit.m */ = {isa = PBXFileReference; fileEncoding = 4; lastKnownFileType = sourcecode.c.objc; path = "UIGestureRecognizer+BlocksKit.m"; sourceTree = "<group>"; };
		0061C83F1B8C1F3700517873 /* UIImagePickerController+BlocksKit.h */ = {isa = PBXFileReference; fileEncoding = 4; lastKnownFileType = sourcecode.c.h; path = "UIImagePickerController+BlocksKit.h"; sourceTree = "<group>"; };
		0061C8401B8C1F3700517873 /* UIImagePickerController+BlocksKit.m */ = {isa = PBXFileReference; fileEncoding = 4; lastKnownFileType = sourcecode.c.objc; path = "UIImagePickerController+BlocksKit.m"; sourceTree = "<group>"; };
		0061C8411B8C1F3700517873 /* UIPopoverController+BlocksKit.h */ = {isa = PBXFileReference; fileEncoding = 4; lastKnownFileType = sourcecode.c.h; path = "UIPopoverController+BlocksKit.h"; sourceTree = "<group>"; };
		0061C8421B8C1F3700517873 /* UIPopoverController+BlocksKit.m */ = {isa = PBXFileReference; fileEncoding = 4; lastKnownFileType = sourcecode.c.objc; path = "UIPopoverController+BlocksKit.m"; sourceTree = "<group>"; };
		0061C8431B8C1F3700517873 /* UITextField+BlocksKit.h */ = {isa = PBXFileReference; fileEncoding = 4; lastKnownFileType = sourcecode.c.h; path = "UITextField+BlocksKit.h"; sourceTree = "<group>"; };
		0061C8441B8C1F3700517873 /* UITextField+BlocksKit.m */ = {isa = PBXFileReference; fileEncoding = 4; lastKnownFileType = sourcecode.c.objc; path = "UITextField+BlocksKit.m"; sourceTree = "<group>"; };
		0061C8451B8C1F3700517873 /* UIView+BlocksKit.h */ = {isa = PBXFileReference; fileEncoding = 4; lastKnownFileType = sourcecode.c.h; path = "UIView+BlocksKit.h"; sourceTree = "<group>"; };
		0061C8461B8C1F3700517873 /* UIView+BlocksKit.m */ = {isa = PBXFileReference; fileEncoding = 4; lastKnownFileType = sourcecode.c.objc; path = "UIView+BlocksKit.m"; sourceTree = "<group>"; };
		0061C8471B8C1F3700517873 /* UIWebView+BlocksKit.h */ = {isa = PBXFileReference; fileEncoding = 4; lastKnownFileType = sourcecode.c.h; path = "UIWebView+BlocksKit.h"; sourceTree = "<group>"; };
		0061C8481B8C1F3700517873 /* UIWebView+BlocksKit.m */ = {isa = PBXFileReference; fileEncoding = 4; lastKnownFileType = sourcecode.c.objc; path = "UIWebView+BlocksKit.m"; sourceTree = "<group>"; };
		0061C8781B8C4ED700517873 /* JSONKit.h */ = {isa = PBXFileReference; fileEncoding = 4; lastKnownFileType = sourcecode.c.h; path = JSONKit.h; sourceTree = "<group>"; };
		0061C8791B8C4ED700517873 /* JSONKit.m */ = {isa = PBXFileReference; fileEncoding = 4; lastKnownFileType = sourcecode.c.objc; path = JSONKit.m; sourceTree = "<group>"; };
		0061C8F91B8C6A8400517873 /* AuthorizeManager.h */ = {isa = PBXFileReference; fileEncoding = 4; lastKnownFileType = sourcecode.c.h; path = AuthorizeManager.h; sourceTree = "<group>"; };
		0061C8FA1B8C6A8400517873 /* AuthorizeManager.m */ = {isa = PBXFileReference; fileEncoding = 4; lastKnownFileType = sourcecode.c.objc; path = AuthorizeManager.m; sourceTree = "<group>"; };
		0061C8FB1B8C6A8400517873 /* BHBase64EncoderDecoder.h */ = {isa = PBXFileReference; fileEncoding = 4; lastKnownFileType = sourcecode.c.h; path = BHBase64EncoderDecoder.h; sourceTree = "<group>"; };
		0061C8FC1B8C6A8400517873 /* BHBase64EncoderDecoder.m */ = {isa = PBXFileReference; fileEncoding = 4; lastKnownFileType = sourcecode.c.objc; path = BHBase64EncoderDecoder.m; sourceTree = "<group>"; };
		0061C8FD1B8C6A8400517873 /* BHBufferMsg.h */ = {isa = PBXFileReference; fileEncoding = 4; lastKnownFileType = sourcecode.c.h; path = BHBufferMsg.h; sourceTree = "<group>"; };
		0061C8FE1B8C6A8400517873 /* BHBufferMsg.m */ = {isa = PBXFileReference; fileEncoding = 4; lastKnownFileType = sourcecode.c.objc; path = BHBufferMsg.m; sourceTree = "<group>"; };
		0061C8FF1B8C6A8400517873 /* BHConnectManager.h */ = {isa = PBXFileReference; fileEncoding = 4; lastKnownFileType = sourcecode.c.h; path = BHConnectManager.h; sourceTree = "<group>"; };
		0061C9001B8C6A8400517873 /* BHConnectManager.m */ = {isa = PBXFileReference; fileEncoding = 4; lastKnownFileType = sourcecode.c.objc; path = BHConnectManager.m; sourceTree = "<group>"; };
		0061C9011B8C6A8400517873 /* BHLocationManager.h */ = {isa = PBXFileReference; fileEncoding = 4; lastKnownFileType = sourcecode.c.h; path = BHLocationManager.h; sourceTree = "<group>"; };
		0061C9021B8C6A8400517873 /* BHLocationManager.m */ = {isa = PBXFileReference; fileEncoding = 4; lastKnownFileType = sourcecode.c.objc; path = BHLocationManager.m; sourceTree = "<group>"; };
		0061C9031B8C6A8400517873 /* BHMsgInfo.h */ = {isa = PBXFileReference; fileEncoding = 4; lastKnownFileType = sourcecode.c.h; path = BHMsgInfo.h; sourceTree = "<group>"; };
		0061C9041B8C6A8400517873 /* BHMsgInfo.m */ = {isa = PBXFileReference; fileEncoding = 4; lastKnownFileType = sourcecode.c.objc; path = BHMsgInfo.m; sourceTree = "<group>"; };
		0061C9051B8C6A8400517873 /* BHSocketBaseMsg.h */ = {isa = PBXFileReference; fileEncoding = 4; lastKnownFileType = sourcecode.c.h; path = BHSocketBaseMsg.h; sourceTree = "<group>"; };
		0061C9061B8C6A8400517873 /* BHSocketBaseMsg.m */ = {isa = PBXFileReference; fileEncoding = 4; lastKnownFileType = sourcecode.c.objc; path = BHSocketBaseMsg.m; sourceTree = "<group>"; };
		0061C9071B8C6A8400517873 /* BHSocketChatRecMsg.h */ = {isa = PBXFileReference; fileEncoding = 4; lastKnownFileType = sourcecode.c.h; path = BHSocketChatRecMsg.h; sourceTree = "<group>"; };
		0061C9081B8C6A8400517873 /* BHSocketChatRecMsg.m */ = {isa = PBXFileReference; fileEncoding = 4; lastKnownFileType = sourcecode.c.objc; path = BHSocketChatRecMsg.m; sourceTree = "<group>"; };
		0061C9091B8C6A8400517873 /* BHSocketConnectInfo.h */ = {isa = PBXFileReference; fileEncoding = 4; lastKnownFileType = sourcecode.c.h; path = BHSocketConnectInfo.h; sourceTree = "<group>"; };
		0061C90A1B8C6A8400517873 /* BHSocketConnectInfo.m */ = {isa = PBXFileReference; fileEncoding = 4; lastKnownFileType = sourcecode.c.objc; path = BHSocketConnectInfo.m; sourceTree = "<group>"; };
		0061C90B1B8C6A8400517873 /* BHSocketEngine.h */ = {isa = PBXFileReference; fileEncoding = 4; lastKnownFileType = sourcecode.c.h; path = BHSocketEngine.h; sourceTree = "<group>"; };
		0061C90C1B8C6A8400517873 /* BHSocketEngine.m */ = {isa = PBXFileReference; fileEncoding = 4; lastKnownFileType = sourcecode.c.objc; path = BHSocketEngine.m; sourceTree = "<group>"; };
		0061C90D1B8C6A8400517873 /* BHSocketLoginStatusMsg.h */ = {isa = PBXFileReference; fileEncoding = 4; lastKnownFileType = sourcecode.c.h; path = BHSocketLoginStatusMsg.h; sourceTree = "<group>"; };
		0061C90E1B8C6A8400517873 /* BHSocketLoginStatusMsg.m */ = {isa = PBXFileReference; fileEncoding = 4; lastKnownFileType = sourcecode.c.objc; path = BHSocketLoginStatusMsg.m; sourceTree = "<group>"; };
		0061C90F1B8C6A8400517873 /* BHSocketLogoutMsg.h */ = {isa = PBXFileReference; fileEncoding = 4; lastKnownFileType = sourcecode.c.h; path = BHSocketLogoutMsg.h; sourceTree = "<group>"; };
		0061C9101B8C6A8400517873 /* BHSocketLogoutMsg.m */ = {isa = PBXFileReference; fileEncoding = 4; lastKnownFileType = sourcecode.c.objc; path = BHSocketLogoutMsg.m; sourceTree = "<group>"; };
		0061C9111B8C6A8400517873 /* BHSocketRecMsgStatusMsg.h */ = {isa = PBXFileReference; fileEncoding = 4; lastKnownFileType = sourcecode.c.h; path = BHSocketRecMsgStatusMsg.h; sourceTree = "<group>"; };
		0061C9121B8C6A8400517873 /* BHSocketRecMsgStatusMsg.m */ = {isa = PBXFileReference; fileEncoding = 4; lastKnownFileType = sourcecode.c.objc; path = BHSocketRecMsgStatusMsg.m; sourceTree = "<group>"; };
		0061C9131B8C6A8400517873 /* BHSocketSendChatMsg.h */ = {isa = PBXFileReference; fileEncoding = 4; lastKnownFileType = sourcecode.c.h; path = BHSocketSendChatMsg.h; sourceTree = "<group>"; };
		0061C9141B8C6A8400517873 /* BHSocketSendChatMsg.m */ = {isa = PBXFileReference; fileEncoding = 4; lastKnownFileType = sourcecode.c.objc; path = BHSocketSendChatMsg.m; sourceTree = "<group>"; };
		0061C9151B8C6A8400517873 /* BHSocketSendLoginMsg.h */ = {isa = PBXFileReference; fileEncoding = 4; lastKnownFileType = sourcecode.c.h; path = BHSocketSendLoginMsg.h; sourceTree = "<group>"; };
		0061C9161B8C6A8400517873 /* BHSocketSendLoginMsg.m */ = {isa = PBXFileReference; fileEncoding = 4; lastKnownFileType = sourcecode.c.objc; path = BHSocketSendLoginMsg.m; sourceTree = "<group>"; };
		0061C9171B8C6A8400517873 /* CtrlStateManager.h */ = {isa = PBXFileReference; fileEncoding = 4; lastKnownFileType = sourcecode.c.h; path = CtrlStateManager.h; sourceTree = "<group>"; };
		0061C9181B8C6A8400517873 /* CtrlStateManager.m */ = {isa = PBXFileReference; fileEncoding = 4; lastKnownFileType = sourcecode.c.objc; path = CtrlStateManager.m; sourceTree = "<group>"; };
		0061C9191B8C6A8400517873 /* DCManager.h */ = {isa = PBXFileReference; fileEncoding = 4; lastKnownFileType = sourcecode.c.h; path = DCManager.h; sourceTree = "<group>"; };
		0061C91A1B8C6A8400517873 /* DCManager.m */ = {isa = PBXFileReference; fileEncoding = 4; lastKnownFileType = sourcecode.c.objc; path = DCManager.m; sourceTree = "<group>"; };
		0061C91B1B8C6A8400517873 /* DCManagerInfo.h */ = {isa = PBXFileReference; fileEncoding = 4; lastKnownFileType = sourcecode.c.h; path = DCManagerInfo.h; sourceTree = "<group>"; };
		0061C91C1B8C6A8400517873 /* DCManagerInfo.m */ = {isa = PBXFileReference; fileEncoding = 4; lastKnownFileType = sourcecode.c.objc; path = DCManagerInfo.m; sourceTree = "<group>"; };
		0061C91D1B8C6A8400517873 /* DCManagerTool.h */ = {isa = PBXFileReference; fileEncoding = 4; lastKnownFileType = sourcecode.c.h; path = DCManagerTool.h; sourceTree = "<group>"; };
		0061C91E1B8C6A8400517873 /* DCManagerTool.m */ = {isa = PBXFileReference; fileEncoding = 4; lastKnownFileType = sourcecode.c.objc; path = DCManagerTool.m; sourceTree = "<group>"; };
		0061C91F1B8C6A8400517873 /* FrameNumManager.h */ = {isa = PBXFileReference; fileEncoding = 4; lastKnownFileType = sourcecode.c.h; path = FrameNumManager.h; sourceTree = "<group>"; };
		0061C9201B8C6A8400517873 /* FrameNumManager.m */ = {isa = PBXFileReference; fileEncoding = 4; lastKnownFileType = sourcecode.c.objc; path = FrameNumManager.m; sourceTree = "<group>"; };
		0061C9211B8C6A8400517873 /* GlobalDef.h */ = {isa = PBXFileReference; fileEncoding = 4; lastKnownFileType = sourcecode.c.h; path = GlobalDef.h; sourceTree = "<group>"; };
		0061C9221B8C6A8400517873 /* GlobalDef.m */ = {isa = PBXFileReference; fileEncoding = 4; lastKnownFileType = sourcecode.c.objc; path = GlobalDef.m; sourceTree = "<group>"; };
		0061C9231B8C6A8400517873 /* IPAdress.c */ = {isa = PBXFileReference; fileEncoding = 4; lastKnownFileType = sourcecode.c.c; path = IPAdress.c; sourceTree = "<group>"; };
		0061C9241B8C6A8400517873 /* IPAdress.h */ = {isa = PBXFileReference; fileEncoding = 4; lastKnownFileType = sourcecode.c.h; path = IPAdress.h; sourceTree = "<group>"; };
		0061C9251B8C6A8400517873 /* PacketManager.h */ = {isa = PBXFileReference; fileEncoding = 4; lastKnownFileType = sourcecode.c.h; path = PacketManager.h; sourceTree = "<group>"; };
		0061C9261B8C6A8400517873 /* PacketManager.m */ = {isa = PBXFileReference; fileEncoding = 4; lastKnownFileType = sourcecode.c.objc; path = PacketManager.m; sourceTree = "<group>"; };
		0061C9271B8C6A8400517873 /* PfcManager.h */ = {isa = PBXFileReference; fileEncoding = 4; lastKnownFileType = sourcecode.c.h; path = PfcManager.h; sourceTree = "<group>"; };
		0061C9281B8C6A8400517873 /* PfcManager.m */ = {isa = PBXFileReference; fileEncoding = 4; lastKnownFileType = sourcecode.c.objc; path = PfcManager.m; sourceTree = "<group>"; };
		0061C9291B8C6A8400517873 /* PlistManager.h */ = {isa = PBXFileReference; fileEncoding = 4; lastKnownFileType = sourcecode.c.h; path = PlistManager.h; sourceTree = "<group>"; };
		0061C92A1B8C6A8400517873 /* PlistManager.m */ = {isa = PBXFileReference; fileEncoding = 4; lastKnownFileType = sourcecode.c.objc; path = PlistManager.m; sourceTree = "<group>"; };
		0061C92B1B8C6A8400517873 /* QuickData.h */ = {isa = PBXFileReference; fileEncoding = 4; lastKnownFileType = sourcecode.c.h; path = QuickData.h; sourceTree = "<group>"; };
		0061C92C1B8C6A8400517873 /* QuickData.m */ = {isa = PBXFileReference; fileEncoding = 4; lastKnownFileType = sourcecode.c.objc; path = QuickData.m; sourceTree = "<group>"; };
		0061C92D1B8C6A8400517873 /* QuickPath.h */ = {isa = PBXFileReference; fileEncoding = 4; lastKnownFileType = sourcecode.c.h; path = QuickPath.h; sourceTree = "<group>"; };
		0061C92E1B8C6A8400517873 /* QuickPath.m */ = {isa = PBXFileReference; fileEncoding = 4; lastKnownFileType = sourcecode.c.objc; path = QuickPath.m; sourceTree = "<group>"; };
		0061C92F1B8C6A8400517873 /* UdpManager.h */ = {isa = PBXFileReference; fileEncoding = 4; lastKnownFileType = sourcecode.c.h; path = UdpManager.h; sourceTree = "<group>"; };
		0061C9301B8C6A8400517873 /* UdpManager.m */ = {isa = PBXFileReference; fileEncoding = 4; lastKnownFileType = sourcecode.c.objc; path = UdpManager.m; sourceTree = "<group>"; };
/* End PBXFileReference section */

/* Begin PBXFrameworksBuildPhase section */
		0061C7551B8B3A2D00517873 /* Frameworks */ = {
			isa = PBXFrameworksBuildPhase;
			buildActionMask = 2147483647;
			files = (
			);
			runOnlyForDeploymentPostprocessing = 0;
		};
		0061C76E1B8B3A2D00517873 /* Frameworks */ = {
			isa = PBXFrameworksBuildPhase;
			buildActionMask = 2147483647;
			files = (
			);
			runOnlyForDeploymentPostprocessing = 0;
		};
		0061C7791B8B3A2D00517873 /* Frameworks */ = {
			isa = PBXFrameworksBuildPhase;
			buildActionMask = 2147483647;
			files = (
			);
			runOnlyForDeploymentPostprocessing = 0;
		};
/* End PBXFrameworksBuildPhase section */

/* Begin PBXGroup section */
		0061C74F1B8B3A2D00517873 = {
			isa = PBXGroup;
			children = (
				0061C7E91B8C1DCD00517873 /* ExternalLibaries */,
				0061C78E1B8B3D3A00517873 /* DControlLibrary */,
				0061C75A1B8B3A2D00517873 /* D-Controls */,
				0061C7741B8B3A2D00517873 /* D-ControlsTests */,
				0061C77F1B8B3A2D00517873 /* D-ControlsUITests */,
				0061C7591B8B3A2D00517873 /* Products */,
			);
			sourceTree = "<group>";
		};
		0061C7591B8B3A2D00517873 /* Products */ = {
			isa = PBXGroup;
			children = (
				0061C7581B8B3A2D00517873 /* D-Controls.app */,
				0061C7711B8B3A2D00517873 /* D-ControlsTests.xctest */,
				0061C77C1B8B3A2D00517873 /* D-ControlsUITests.xctest */,
			);
			name = Products;
			sourceTree = "<group>";
		};
		0061C75A1B8B3A2D00517873 /* D-Controls */ = {
			isa = PBXGroup;
			children = (
				0061C75E1B8B3A2D00517873 /* AppDelegate.h */,
				0061C75F1B8B3A2D00517873 /* AppDelegate.m */,
				0061C7611B8B3A2D00517873 /* ViewController.h */,
				0061C7621B8B3A2D00517873 /* ViewController.m */,
				0061C7641B8B3A2D00517873 /* Main.storyboard */,
				0061C7671B8B3A2D00517873 /* Assets.xcassets */,
				0061C7691B8B3A2D00517873 /* LaunchScreen.storyboard */,
				0061C76C1B8B3A2D00517873 /* Info.plist */,
				0061C75B1B8B3A2D00517873 /* Supporting Files */,
			);
			path = "D-Controls";
			sourceTree = "<group>";
		};
		0061C75B1B8B3A2D00517873 /* Supporting Files */ = {
			isa = PBXGroup;
			children = (
				0061C75C1B8B3A2D00517873 /* main.m */,
			);
			name = "Supporting Files";
			sourceTree = "<group>";
		};
		0061C7741B8B3A2D00517873 /* D-ControlsTests */ = {
			isa = PBXGroup;
			children = (
				0061C7751B8B3A2D00517873 /* D_ControlsTests.m */,
				0061C7771B8B3A2D00517873 /* Info.plist */,
			);
			path = "D-ControlsTests";
			sourceTree = "<group>";
		};
		0061C77F1B8B3A2D00517873 /* D-ControlsUITests */ = {
			isa = PBXGroup;
			children = (
				0061C7801B8B3A2D00517873 /* D_ControlsUITests.m */,
				0061C7821B8B3A2D00517873 /* Info.plist */,
			);
			path = "D-ControlsUITests";
			sourceTree = "<group>";
		};
		0061C78E1B8B3D3A00517873 /* DControlLibrary */ = {
			isa = PBXGroup;
			children = (
				0061C8F91B8C6A8400517873 /* AuthorizeManager.h */,
				0061C8FA1B8C6A8400517873 /* AuthorizeManager.m */,
				0061C8FB1B8C6A8400517873 /* BHBase64EncoderDecoder.h */,
				0061C8FC1B8C6A8400517873 /* BHBase64EncoderDecoder.m */,
				0061C8FD1B8C6A8400517873 /* BHBufferMsg.h */,
				0061C8FE1B8C6A8400517873 /* BHBufferMsg.m */,
				0061C8FF1B8C6A8400517873 /* BHConnectManager.h */,
				0061C9001B8C6A8400517873 /* BHConnectManager.m */,
				0061C9011B8C6A8400517873 /* BHLocationManager.h */,
				0061C9021B8C6A8400517873 /* BHLocationManager.m */,
				0061C9031B8C6A8400517873 /* BHMsgInfo.h */,
				0061C9041B8C6A8400517873 /* BHMsgInfo.m */,
				0061C9051B8C6A8400517873 /* BHSocketBaseMsg.h */,
				0061C9061B8C6A8400517873 /* BHSocketBaseMsg.m */,
				0061C9071B8C6A8400517873 /* BHSocketChatRecMsg.h */,
				0061C9081B8C6A8400517873 /* BHSocketChatRecMsg.m */,
				0061C9091B8C6A8400517873 /* BHSocketConnectInfo.h */,
				0061C90A1B8C6A8400517873 /* BHSocketConnectInfo.m */,
				0061C90B1B8C6A8400517873 /* BHSocketEngine.h */,
				0061C90C1B8C6A8400517873 /* BHSocketEngine.m */,
				0061C90D1B8C6A8400517873 /* BHSocketLoginStatusMsg.h */,
				0061C90E1B8C6A8400517873 /* BHSocketLoginStatusMsg.m */,
				0061C90F1B8C6A8400517873 /* BHSocketLogoutMsg.h */,
				0061C9101B8C6A8400517873 /* BHSocketLogoutMsg.m */,
				0061C9111B8C6A8400517873 /* BHSocketRecMsgStatusMsg.h */,
				0061C9121B8C6A8400517873 /* BHSocketRecMsgStatusMsg.m */,
				0061C9131B8C6A8400517873 /* BHSocketSendChatMsg.h */,
				0061C9141B8C6A8400517873 /* BHSocketSendChatMsg.m */,
				0061C9151B8C6A8400517873 /* BHSocketSendLoginMsg.h */,
				0061C9161B8C6A8400517873 /* BHSocketSendLoginMsg.m */,
				0061C9171B8C6A8400517873 /* CtrlStateManager.h */,
				0061C9181B8C6A8400517873 /* CtrlStateManager.m */,
				0061C9191B8C6A8400517873 /* DCManager.h */,
				0061C91A1B8C6A8400517873 /* DCManager.m */,
				0061C91B1B8C6A8400517873 /* DCManagerInfo.h */,
				0061C91C1B8C6A8400517873 /* DCManagerInfo.m */,
				0061C91D1B8C6A8400517873 /* DCManagerTool.h */,
				0061C91E1B8C6A8400517873 /* DCManagerTool.m */,
				0061C91F1B8C6A8400517873 /* FrameNumManager.h */,
				0061C9201B8C6A8400517873 /* FrameNumManager.m */,
				0061C9211B8C6A8400517873 /* GlobalDef.h */,
				0061C9221B8C6A8400517873 /* GlobalDef.m */,
				0061C9231B8C6A8400517873 /* IPAdress.c */,
				0061C9241B8C6A8400517873 /* IPAdress.h */,
				0061C9251B8C6A8400517873 /* PacketManager.h */,
				0061C9261B8C6A8400517873 /* PacketManager.m */,
				0061C9271B8C6A8400517873 /* PfcManager.h */,
				0061C9281B8C6A8400517873 /* PfcManager.m */,
				0061C9291B8C6A8400517873 /* PlistManager.h */,
				0061C92A1B8C6A8400517873 /* PlistManager.m */,
				0061C92B1B8C6A8400517873 /* QuickData.h */,
				0061C92C1B8C6A8400517873 /* QuickData.m */,
				0061C92D1B8C6A8400517873 /* QuickPath.h */,
				0061C92E1B8C6A8400517873 /* QuickPath.m */,
				0061C92F1B8C6A8400517873 /* UdpManager.h */,
				0061C9301B8C6A8400517873 /* UdpManager.m */,
			);
			path = DControlLibrary;
			sourceTree = "<group>";
		};
		0061C7E91B8C1DCD00517873 /* ExternalLibaries */ = {
			isa = PBXGroup;
			children = (
				0061C8771B8C4ED700517873 /* JSONKit */,
				0061C7FC1B8C1F3700517873 /* BlocksKit */,
				0061C7EA1B8C1DCD00517873 /* CocoaAsyncSocket */,
			);
			path = ExternalLibaries;
			sourceTree = "<group>";
		};
		0061C7EA1B8C1DCD00517873 /* CocoaAsyncSocket */ = {
			isa = PBXGroup;
			children = (
				0061C7EB1B8C1DCD00517873 /* GCD */,
				0061C7F01B8C1DCD00517873 /* RunLoop */,
			);
			path = CocoaAsyncSocket;
			sourceTree = "<group>";
		};
		0061C7EB1B8C1DCD00517873 /* GCD */ = {
			isa = PBXGroup;
			children = (
				0061C7EC1B8C1DCD00517873 /* GCDAsyncSocket.h */,
				0061C7ED1B8C1DCD00517873 /* GCDAsyncSocket.m */,
				0061C7EE1B8C1DCD00517873 /* GCDAsyncUdpSocket.h */,
				0061C7EF1B8C1DCD00517873 /* GCDAsyncUdpSocket.m */,
			);
			path = GCD;
			sourceTree = "<group>";
		};
		0061C7F01B8C1DCD00517873 /* RunLoop */ = {
			isa = PBXGroup;
			children = (
				0061C7F11B8C1DCD00517873 /* AsyncSocket.h */,
				0061C7F21B8C1DCD00517873 /* AsyncSocket.m */,
				0061C7F31B8C1DCD00517873 /* AsyncUdpSocket.h */,
				0061C7F41B8C1DCD00517873 /* AsyncUdpSocket.m */,
			);
			path = RunLoop;
			sourceTree = "<group>";
		};
		0061C7FC1B8C1F3700517873 /* BlocksKit */ = {
			isa = PBXGroup;
			children = (
				0061C7FD1B8C1F3700517873 /* BlocksKit */,
			);
			path = BlocksKit;
			sourceTree = "<group>";
		};
		0061C7FD1B8C1F3700517873 /* BlocksKit */ = {
			isa = PBXGroup;
			children = (
				0061C7FE1B8C1F3700517873 /* BlocksKit+MessageUI.h */,
				0061C7FF1B8C1F3700517873 /* BlocksKit+UIKit.h */,
				0061C8001B8C1F3700517873 /* BlocksKit.h */,
				0061C8011B8C1F3700517873 /* Core */,
				0061C8211B8C1F3700517873 /* DynamicDelegate */,
				0061C82F1B8C1F3700517873 /* MessageUI */,
				0061C8341B8C1F3700517873 /* UIKit */,
			);
			path = BlocksKit;
			sourceTree = "<group>";
		};
		0061C8011B8C1F3700517873 /* Core */ = {
			isa = PBXGroup;
			children = (
				0061C8021B8C1F3700517873 /* BKMacros.h */,
				0061C8031B8C1F3700517873 /* NSArray+BlocksKit.h */,
				0061C8041B8C1F3700517873 /* NSArray+BlocksKit.m */,
				0061C8051B8C1F3700517873 /* NSDictionary+BlocksKit.h */,
				0061C8061B8C1F3700517873 /* NSDictionary+BlocksKit.m */,
				0061C8071B8C1F3700517873 /* NSIndexSet+BlocksKit.h */,
				0061C8081B8C1F3700517873 /* NSIndexSet+BlocksKit.m */,
				0061C8091B8C1F3700517873 /* NSInvocation+BlocksKit.h */,
				0061C80A1B8C1F3700517873 /* NSInvocation+BlocksKit.m */,
				0061C80B1B8C1F3700517873 /* NSMutableArray+BlocksKit.h */,
				0061C80C1B8C1F3700517873 /* NSMutableArray+BlocksKit.m */,
				0061C80D1B8C1F3700517873 /* NSMutableDictionary+BlocksKit.h */,
				0061C80E1B8C1F3700517873 /* NSMutableDictionary+BlocksKit.m */,
				0061C80F1B8C1F3700517873 /* NSMutableIndexSet+BlocksKit.h */,
				0061C8101B8C1F3700517873 /* NSMutableIndexSet+BlocksKit.m */,
				0061C8111B8C1F3700517873 /* NSMutableOrderedSet+BlocksKit.h */,
				0061C8121B8C1F3700517873 /* NSMutableOrderedSet+BlocksKit.m */,
				0061C8131B8C1F3700517873 /* NSMutableSet+BlocksKit.h */,
				0061C8141B8C1F3700517873 /* NSMutableSet+BlocksKit.m */,
				0061C8151B8C1F3700517873 /* NSObject+BKAssociatedObjects.h */,
				0061C8161B8C1F3700517873 /* NSObject+BKAssociatedObjects.m */,
				0061C8171B8C1F3700517873 /* NSObject+BKBlockExecution.h */,
				0061C8181B8C1F3700517873 /* NSObject+BKBlockExecution.m */,
				0061C8191B8C1F3700517873 /* NSObject+BKBlockObservation.h */,
				0061C81A1B8C1F3700517873 /* NSObject+BKBlockObservation.m */,
				0061C81B1B8C1F3700517873 /* NSOrderedSet+BlocksKit.h */,
				0061C81C1B8C1F3700517873 /* NSOrderedSet+BlocksKit.m */,
				0061C81D1B8C1F3700517873 /* NSSet+BlocksKit.h */,
				0061C81E1B8C1F3700517873 /* NSSet+BlocksKit.m */,
				0061C81F1B8C1F3700517873 /* NSTimer+BlocksKit.h */,
				0061C8201B8C1F3700517873 /* NSTimer+BlocksKit.m */,
			);
			path = Core;
			sourceTree = "<group>";
		};
		0061C8211B8C1F3700517873 /* DynamicDelegate */ = {
			isa = PBXGroup;
			children = (
				0061C8221B8C1F3700517873 /* A2BlockInvocation.h */,
				0061C8231B8C1F3700517873 /* A2BlockInvocation.m */,
				0061C8241B8C1F3700517873 /* A2DynamicDelegate.h */,
				0061C8251B8C1F3700517873 /* A2DynamicDelegate.m */,
				0061C8261B8C1F3700517873 /* Foundation */,
				0061C82B1B8C1F3700517873 /* NSObject+A2BlockDelegate.h */,
				0061C82C1B8C1F3700517873 /* NSObject+A2BlockDelegate.m */,
				0061C82D1B8C1F3700517873 /* NSObject+A2DynamicDelegate.h */,
				0061C82E1B8C1F3700517873 /* NSObject+A2DynamicDelegate.m */,
			);
			path = DynamicDelegate;
			sourceTree = "<group>";
		};
		0061C8261B8C1F3700517873 /* Foundation */ = {
			isa = PBXGroup;
			children = (
				0061C8271B8C1F3700517873 /* NSCache+BlocksKit.h */,
				0061C8281B8C1F3700517873 /* NSCache+BlocksKit.m */,
				0061C8291B8C1F3700517873 /* NSURLConnection+BlocksKit.h */,
				0061C82A1B8C1F3700517873 /* NSURLConnection+BlocksKit.m */,
			);
			path = Foundation;
			sourceTree = "<group>";
		};
		0061C82F1B8C1F3700517873 /* MessageUI */ = {
			isa = PBXGroup;
			children = (
				0061C8301B8C1F3700517873 /* MFMailComposeViewController+BlocksKit.h */,
				0061C8311B8C1F3700517873 /* MFMailComposeViewController+BlocksKit.m */,
				0061C8321B8C1F3700517873 /* MFMessageComposeViewController+BlocksKit.h */,
				0061C8331B8C1F3700517873 /* MFMessageComposeViewController+BlocksKit.m */,
			);
			path = MessageUI;
			sourceTree = "<group>";
		};
		0061C8341B8C1F3700517873 /* UIKit */ = {
			isa = PBXGroup;
			children = (
				0061C8351B8C1F3700517873 /* UIActionSheet+BlocksKit.h */,
				0061C8361B8C1F3700517873 /* UIActionSheet+BlocksKit.m */,
				0061C8371B8C1F3700517873 /* UIAlertView+BlocksKit.h */,
				0061C8381B8C1F3700517873 /* UIAlertView+BlocksKit.m */,
				0061C8391B8C1F3700517873 /* UIBarButtonItem+BlocksKit.h */,
				0061C83A1B8C1F3700517873 /* UIBarButtonItem+BlocksKit.m */,
				0061C83B1B8C1F3700517873 /* UIControl+BlocksKit.h */,
				0061C83C1B8C1F3700517873 /* UIControl+BlocksKit.m */,
				0061C83D1B8C1F3700517873 /* UIGestureRecognizer+BlocksKit.h */,
				0061C83E1B8C1F3700517873 /* UIGestureRecognizer+BlocksKit.m */,
				0061C83F1B8C1F3700517873 /* UIImagePickerController+BlocksKit.h */,
				0061C8401B8C1F3700517873 /* UIImagePickerController+BlocksKit.m */,
				0061C8411B8C1F3700517873 /* UIPopoverController+BlocksKit.h */,
				0061C8421B8C1F3700517873 /* UIPopoverController+BlocksKit.m */,
				0061C8431B8C1F3700517873 /* UITextField+BlocksKit.h */,
				0061C8441B8C1F3700517873 /* UITextField+BlocksKit.m */,
				0061C8451B8C1F3700517873 /* UIView+BlocksKit.h */,
				0061C8461B8C1F3700517873 /* UIView+BlocksKit.m */,
				0061C8471B8C1F3700517873 /* UIWebView+BlocksKit.h */,
				0061C8481B8C1F3700517873 /* UIWebView+BlocksKit.m */,
			);
			path = UIKit;
			sourceTree = "<group>";
		};
		0061C8771B8C4ED700517873 /* JSONKit */ = {
			isa = PBXGroup;
			children = (
				0061C8781B8C4ED700517873 /* JSONKit.h */,
				0061C8791B8C4ED700517873 /* JSONKit.m */,
			);
			path = JSONKit;
			sourceTree = "<group>";
		};
/* End PBXGroup section */

/* Begin PBXNativeTarget section */
		0061C7571B8B3A2D00517873 /* D-Controls */ = {
			isa = PBXNativeTarget;
			buildConfigurationList = 0061C7851B8B3A2D00517873 /* Build configuration list for PBXNativeTarget "D-Controls" */;
			buildPhases = (
				0061C7541B8B3A2D00517873 /* Sources */,
				0061C7551B8B3A2D00517873 /* Frameworks */,
				0061C7561B8B3A2D00517873 /* Resources */,
			);
			buildRules = (
			);
			dependencies = (
			);
			name = "D-Controls";
			productName = "D-Controls";
			productReference = 0061C7581B8B3A2D00517873 /* D-Controls.app */;
			productType = "com.apple.product-type.application";
		};
		0061C7701B8B3A2D00517873 /* D-ControlsTests */ = {
			isa = PBXNativeTarget;
			buildConfigurationList = 0061C7881B8B3A2D00517873 /* Build configuration list for PBXNativeTarget "D-ControlsTests" */;
			buildPhases = (
				0061C76D1B8B3A2D00517873 /* Sources */,
				0061C76E1B8B3A2D00517873 /* Frameworks */,
				0061C76F1B8B3A2D00517873 /* Resources */,
			);
			buildRules = (
			);
			dependencies = (
				0061C7731B8B3A2D00517873 /* PBXTargetDependency */,
			);
			name = "D-ControlsTests";
			productName = "D-ControlsTests";
			productReference = 0061C7711B8B3A2D00517873 /* D-ControlsTests.xctest */;
			productType = "com.apple.product-type.bundle.unit-test";
		};
		0061C77B1B8B3A2D00517873 /* D-ControlsUITests */ = {
			isa = PBXNativeTarget;
			buildConfigurationList = 0061C78B1B8B3A2D00517873 /* Build configuration list for PBXNativeTarget "D-ControlsUITests" */;
			buildPhases = (
				0061C7781B8B3A2D00517873 /* Sources */,
				0061C7791B8B3A2D00517873 /* Frameworks */,
				0061C77A1B8B3A2D00517873 /* Resources */,
			);
			buildRules = (
			);
			dependencies = (
				0061C77E1B8B3A2D00517873 /* PBXTargetDependency */,
			);
			name = "D-ControlsUITests";
			productName = "D-ControlsUITests";
			productReference = 0061C77C1B8B3A2D00517873 /* D-ControlsUITests.xctest */;
			productType = "com.apple.product-type.bundle.ui-testing";
		};
/* End PBXNativeTarget section */

/* Begin PBXProject section */
		0061C7501B8B3A2D00517873 /* Project object */ = {
			isa = PBXProject;
			attributes = {
				LastUpgradeCheck = 0700;
				ORGANIZATIONNAME = boycehe;
				TargetAttributes = {
					0061C7571B8B3A2D00517873 = {
						CreatedOnToolsVersion = 7.0;
					};
					0061C7701B8B3A2D00517873 = {
						CreatedOnToolsVersion = 7.0;
						TestTargetID = 0061C7571B8B3A2D00517873;
					};
					0061C77B1B8B3A2D00517873 = {
						CreatedOnToolsVersion = 7.0;
						TestTargetID = 0061C7571B8B3A2D00517873;
					};
				};
			};
			buildConfigurationList = 0061C7531B8B3A2D00517873 /* Build configuration list for PBXProject "D-Controls" */;
			compatibilityVersion = "Xcode 3.2";
			developmentRegion = English;
			hasScannedForEncodings = 0;
			knownRegions = (
				en,
				Base,
			);
			mainGroup = 0061C74F1B8B3A2D00517873;
			productRefGroup = 0061C7591B8B3A2D00517873 /* Products */;
			projectDirPath = "";
			projectRoot = "";
			targets = (
				0061C7571B8B3A2D00517873 /* D-Controls */,
				0061C7701B8B3A2D00517873 /* D-ControlsTests */,
				0061C77B1B8B3A2D00517873 /* D-ControlsUITests */,
			);
		};
/* End PBXProject section */

/* Begin PBXResourcesBuildPhase section */
		0061C7561B8B3A2D00517873 /* Resources */ = {
			isa = PBXResourcesBuildPhase;
			buildActionMask = 2147483647;
			files = (
				0061C76B1B8B3A2D00517873 /* LaunchScreen.storyboard in Resources */,
				0061C7681B8B3A2D00517873 /* Assets.xcassets in Resources */,
				0061C7661B8B3A2D00517873 /* Main.storyboard in Resources */,
			);
			runOnlyForDeploymentPostprocessing = 0;
		};
		0061C76F1B8B3A2D00517873 /* Resources */ = {
			isa = PBXResourcesBuildPhase;
			buildActionMask = 2147483647;
			files = (
			);
			runOnlyForDeploymentPostprocessing = 0;
		};
		0061C77A1B8B3A2D00517873 /* Resources */ = {
			isa = PBXResourcesBuildPhase;
			buildActionMask = 2147483647;
			files = (
			);
			runOnlyForDeploymentPostprocessing = 0;
		};
/* End PBXResourcesBuildPhase section */

/* Begin PBXSourcesBuildPhase section */
		0061C7541B8B3A2D00517873 /* Sources */ = {
			isa = PBXSourcesBuildPhase;
			buildActionMask = 2147483647;
			files = (
				0061C85F1B8C1F3700517873 /* NSObject+A2DynamicDelegate.m in Sources */,
				0061C9371B8C6A8400517873 /* BHSocketBaseMsg.m in Sources */,
				0061C8641B8C1F3700517873 /* UIBarButtonItem+BlocksKit.m in Sources */,
				0061C85D1B8C1F3700517873 /* NSURLConnection+BlocksKit.m in Sources */,
				0061C7F51B8C1DCD00517873 /* GCDAsyncSocket.m in Sources */,
				0061C8541B8C1F3700517873 /* NSObject+BKAssociatedObjects.m in Sources */,
				0061C93F1B8C6A8400517873 /* BHSocketSendLoginMsg.m in Sources */,
				0061C9401B8C6A8400517873 /* CtrlStateManager.m in Sources */,
				0061C84F1B8C1F3700517873 /* NSMutableArray+BlocksKit.m in Sources */,
				0061C8581B8C1F3700517873 /* NSSet+BlocksKit.m in Sources */,
				0061C93C1B8C6A8400517873 /* BHSocketLogoutMsg.m in Sources */,
				0061C8511B8C1F3700517873 /* NSMutableIndexSet+BlocksKit.m in Sources */,
				0061C85A1B8C1F3700517873 /* A2BlockInvocation.m in Sources */,
				0061C8591B8C1F3700517873 /* NSTimer+BlocksKit.m in Sources */,
				0061C8621B8C1F3700517873 /* UIActionSheet+BlocksKit.m in Sources */,
				0061C9461B8C6A8400517873 /* IPAdress.c in Sources */,
				0061C94B1B8C6A8400517873 /* QuickPath.m in Sources */,
				0061C8681B8C1F3700517873 /* UIPopoverController+BlocksKit.m in Sources */,
				0061C9441B8C6A8400517873 /* FrameNumManager.m in Sources */,
				0061C9381B8C6A8400517873 /* BHSocketChatRecMsg.m in Sources */,
				0061C8601B8C1F3700517873 /* MFMailComposeViewController+BlocksKit.m in Sources */,
				0061C94C1B8C6A8400517873 /* UdpManager.m in Sources */,
				0061C9391B8C6A8400517873 /* BHSocketConnectInfo.m in Sources */,
				0061C8671B8C1F3700517873 /* UIImagePickerController+BlocksKit.m in Sources */,
				0061C9411B8C6A8400517873 /* DCManager.m in Sources */,
				0061C8611B8C1F3700517873 /* MFMessageComposeViewController+BlocksKit.m in Sources */,
				0061C9431B8C6A8400517873 /* DCManagerTool.m in Sources */,
				0061C84C1B8C1F3700517873 /* NSDictionary+BlocksKit.m in Sources */,
				0061C9361B8C6A8400517873 /* BHMsgInfo.m in Sources */,
				0061C93D1B8C6A8400517873 /* BHSocketRecMsgStatusMsg.m in Sources */,
				0061C8691B8C1F3700517873 /* UITextField+BlocksKit.m in Sources */,
				0061C7F71B8C1DCD00517873 /* AsyncSocket.m in Sources */,
				0061C84E1B8C1F3700517873 /* NSInvocation+BlocksKit.m in Sources */,
				0061C9481B8C6A8400517873 /* PfcManager.m in Sources */,
				0061C9491B8C6A8400517873 /* PlistManager.m in Sources */,
				0061C9311B8C6A8400517873 /* AuthorizeManager.m in Sources */,
				0061C84B1B8C1F3700517873 /* NSArray+BlocksKit.m in Sources */,
				0061C8571B8C1F3700517873 /* NSOrderedSet+BlocksKit.m in Sources */,
				0061C86A1B8C1F3700517873 /* UIView+BlocksKit.m in Sources */,
				0061C9451B8C6A8400517873 /* GlobalDef.m in Sources */,
				0061C94A1B8C6A8400517873 /* QuickData.m in Sources */,
				0061C9321B8C6A8400517873 /* BHBase64EncoderDecoder.m in Sources */,
				0061C85E1B8C1F3700517873 /* NSObject+A2BlockDelegate.m in Sources */,
				0061C86B1B8C1F3700517873 /* UIWebView+BlocksKit.m in Sources */,
				0061C93E1B8C6A8400517873 /* BHSocketSendChatMsg.m in Sources */,
				0061C8521B8C1F3700517873 /* NSMutableOrderedSet+BlocksKit.m in Sources */,
				0061C8651B8C1F3700517873 /* UIControl+BlocksKit.m in Sources */,
				0061C8551B8C1F3700517873 /* NSObject+BKBlockExecution.m in Sources */,
				0061C7F61B8C1DCD00517873 /* GCDAsyncUdpSocket.m in Sources */,
				0061C7631B8B3A2D00517873 /* ViewController.m in Sources */,
				0061C9331B8C6A8400517873 /* BHBufferMsg.m in Sources */,
				0061C8661B8C1F3700517873 /* UIGestureRecognizer+BlocksKit.m in Sources */,
				0061C8501B8C1F3700517873 /* NSMutableDictionary+BlocksKit.m in Sources */,
				0061C93B1B8C6A8400517873 /* BHSocketLoginStatusMsg.m in Sources */,
				0061C85B1B8C1F3700517873 /* A2DynamicDelegate.m in Sources */,
				0061C87A1B8C4ED700517873 /* JSONKit.m in Sources */,
				0061C9351B8C6A8400517873 /* BHLocationManager.m in Sources */,
				0061C8561B8C1F3700517873 /* NSObject+BKBlockObservation.m in Sources */,
				0061C93A1B8C6A8400517873 /* BHSocketEngine.m in Sources */,
				0061C9421B8C6A8400517873 /* DCManagerInfo.m in Sources */,
				0061C7601B8B3A2D00517873 /* AppDelegate.m in Sources */,
				0061C84D1B8C1F3700517873 /* NSIndexSet+BlocksKit.m in Sources */,
				0061C75D1B8B3A2D00517873 /* main.m in Sources */,
				0061C9341B8C6A8400517873 /* BHConnectManager.m in Sources */,
				0061C7F81B8C1DCD00517873 /* AsyncUdpSocket.m in Sources */,
				0061C85C1B8C1F3700517873 /* NSCache+BlocksKit.m in Sources */,
				0061C9471B8C6A8400517873 /* PacketManager.m in Sources */,
				0061C8531B8C1F3700517873 /* NSMutableSet+BlocksKit.m in Sources */,
				0061C8631B8C1F3700517873 /* UIAlertView+BlocksKit.m in Sources */,
			);
			runOnlyForDeploymentPostprocessing = 0;
		};
		0061C76D1B8B3A2D00517873 /* Sources */ = {
			isa = PBXSourcesBuildPhase;
			buildActionMask = 2147483647;
			files = (
				0061C7761B8B3A2D00517873 /* D_ControlsTests.m in Sources */,
			);
			runOnlyForDeploymentPostprocessing = 0;
		};
		0061C7781B8B3A2D00517873 /* Sources */ = {
			isa = PBXSourcesBuildPhase;
			buildActionMask = 2147483647;
			files = (
				0061C7811B8B3A2D00517873 /* D_ControlsUITests.m in Sources */,
			);
			runOnlyForDeploymentPostprocessing = 0;
		};
/* End PBXSourcesBuildPhase section */

/* Begin PBXTargetDependency section */
		0061C7731B8B3A2D00517873 /* PBXTargetDependency */ = {
			isa = PBXTargetDependency;
			target = 0061C7571B8B3A2D00517873 /* D-Controls */;
			targetProxy = 0061C7721B8B3A2D00517873 /* PBXContainerItemProxy */;
		};
		0061C77E1B8B3A2D00517873 /* PBXTargetDependency */ = {
			isa = PBXTargetDependency;
			target = 0061C7571B8B3A2D00517873 /* D-Controls */;
			targetProxy = 0061C77D1B8B3A2D00517873 /* PBXContainerItemProxy */;
		};
/* End PBXTargetDependency section */

/* Begin PBXVariantGroup section */
		0061C7641B8B3A2D00517873 /* Main.storyboard */ = {
			isa = PBXVariantGroup;
			children = (
				0061C7651B8B3A2D00517873 /* Base */,
			);
			name = Main.storyboard;
			sourceTree = "<group>";
		};
		0061C7691B8B3A2D00517873 /* LaunchScreen.storyboard */ = {
			isa = PBXVariantGroup;
			children = (
				0061C76A1B8B3A2D00517873 /* Base */,
			);
			name = LaunchScreen.storyboard;
			sourceTree = "<group>";
		};
/* End PBXVariantGroup section */

/* Begin XCBuildConfiguration section */
		0061C7831B8B3A2D00517873 /* Debug */ = {
			isa = XCBuildConfiguration;
			buildSettings = {
				ALWAYS_SEARCH_USER_PATHS = NO;
				CLANG_CXX_LANGUAGE_STANDARD = "gnu++0x";
				CLANG_CXX_LIBRARY = "libc++";
				CLANG_ENABLE_MODULES = YES;
				CLANG_ENABLE_OBJC_ARC = YES;
				CLANG_WARN_BOOL_CONVERSION = YES;
				CLANG_WARN_CONSTANT_CONVERSION = YES;
				CLANG_WARN_DIRECT_OBJC_ISA_USAGE = YES_ERROR;
				CLANG_WARN_EMPTY_BODY = YES;
				CLANG_WARN_ENUM_CONVERSION = YES;
				CLANG_WARN_INT_CONVERSION = YES;
				CLANG_WARN_OBJC_ROOT_CLASS = YES_ERROR;
				CLANG_WARN_UNREACHABLE_CODE = YES;
				CLANG_WARN__DUPLICATE_METHOD_MATCH = YES;
				"CODE_SIGN_IDENTITY[sdk=iphoneos*]" = "iPhone Developer";
				COPY_PHASE_STRIP = NO;
				DEBUG_INFORMATION_FORMAT = dwarf;
				ENABLE_STRICT_OBJC_MSGSEND = YES;
				ENABLE_TESTABILITY = YES;
				GCC_C_LANGUAGE_STANDARD = gnu99;
				GCC_DYNAMIC_NO_PIC = NO;
				GCC_NO_COMMON_BLOCKS = YES;
				GCC_OPTIMIZATION_LEVEL = 0;
				GCC_PREPROCESSOR_DEFINITIONS = (
					"DEBUG=1",
					"$(inherited)",
				);
				GCC_WARN_64_TO_32_BIT_CONVERSION = YES;
				GCC_WARN_ABOUT_RETURN_TYPE = YES_ERROR;
				GCC_WARN_UNDECLARED_SELECTOR = YES;
				GCC_WARN_UNINITIALIZED_AUTOS = YES_AGGRESSIVE;
				GCC_WARN_UNUSED_FUNCTION = YES;
				GCC_WARN_UNUSED_VARIABLE = YES;
				IPHONEOS_DEPLOYMENT_TARGET = 9.0;
				MTL_ENABLE_DEBUG_INFO = YES;
				ONLY_ACTIVE_ARCH = YES;
				SDKROOT = iphoneos;
			};
			name = Debug;
		};
		0061C7841B8B3A2D00517873 /* Release */ = {
			isa = XCBuildConfiguration;
			buildSettings = {
				ALWAYS_SEARCH_USER_PATHS = NO;
				CLANG_CXX_LANGUAGE_STANDARD = "gnu++0x";
				CLANG_CXX_LIBRARY = "libc++";
				CLANG_ENABLE_MODULES = YES;
				CLANG_ENABLE_OBJC_ARC = YES;
				CLANG_WARN_BOOL_CONVERSION = YES;
				CLANG_WARN_CONSTANT_CONVERSION = YES;
				CLANG_WARN_DIRECT_OBJC_ISA_USAGE = YES_ERROR;
				CLANG_WARN_EMPTY_BODY = YES;
				CLANG_WARN_ENUM_CONVERSION = YES;
				CLANG_WARN_INT_CONVERSION = YES;
				CLANG_WARN_OBJC_ROOT_CLASS = YES_ERROR;
				CLANG_WARN_UNREACHABLE_CODE = YES;
				CLANG_WARN__DUPLICATE_METHOD_MATCH = YES;
				"CODE_SIGN_IDENTITY[sdk=iphoneos*]" = "iPhone Developer";
				COPY_PHASE_STRIP = NO;
				DEBUG_INFORMATION_FORMAT = "dwarf-with-dsym";
				ENABLE_NS_ASSERTIONS = NO;
				ENABLE_STRICT_OBJC_MSGSEND = YES;
				GCC_C_LANGUAGE_STANDARD = gnu99;
				GCC_NO_COMMON_BLOCKS = YES;
				GCC_WARN_64_TO_32_BIT_CONVERSION = YES;
				GCC_WARN_ABOUT_RETURN_TYPE = YES_ERROR;
				GCC_WARN_UNDECLARED_SELECTOR = YES;
				GCC_WARN_UNINITIALIZED_AUTOS = YES_AGGRESSIVE;
				GCC_WARN_UNUSED_FUNCTION = YES;
				GCC_WARN_UNUSED_VARIABLE = YES;
				IPHONEOS_DEPLOYMENT_TARGET = 9.0;
				MTL_ENABLE_DEBUG_INFO = NO;
				SDKROOT = iphoneos;
				VALIDATE_PRODUCT = YES;
			};
			name = Release;
		};
		0061C7861B8B3A2D00517873 /* Debug */ = {
			isa = XCBuildConfiguration;
			buildSettings = {
				ASSETCATALOG_COMPILER_APPICON_NAME = AppIcon;
				INFOPLIST_FILE = "D-Controls/Info.plist";
				LD_RUNPATH_SEARCH_PATHS = "$(inherited) @executable_path/Frameworks";
				PRODUCT_BUNDLE_IDENTIFIER = "sundeinfo.D-Controls";
				PRODUCT_NAME = "$(TARGET_NAME)";
			};
			name = Debug;
		};
		0061C7871B8B3A2D00517873 /* Release */ = {
			isa = XCBuildConfiguration;
			buildSettings = {
				ASSETCATALOG_COMPILER_APPICON_NAME = AppIcon;
				INFOPLIST_FILE = "D-Controls/Info.plist";
				LD_RUNPATH_SEARCH_PATHS = "$(inherited) @executable_path/Frameworks";
				PRODUCT_BUNDLE_IDENTIFIER = "sundeinfo.D-Controls";
				PRODUCT_NAME = "$(TARGET_NAME)";
			};
			name = Release;
		};
		0061C7891B8B3A2D00517873 /* Debug */ = {
			isa = XCBuildConfiguration;
			buildSettings = {
				BUNDLE_LOADER = "$(TEST_HOST)";
				INFOPLIST_FILE = "D-ControlsTests/Info.plist";
				LD_RUNPATH_SEARCH_PATHS = "$(inherited) @executable_path/Frameworks @loader_path/Frameworks";
				PRODUCT_BUNDLE_IDENTIFIER = "sundeinfo.D-ControlsTests";
				PRODUCT_NAME = "$(TARGET_NAME)";
				TEST_HOST = "$(BUILT_PRODUCTS_DIR)/D-Controls.app/D-Controls";
			};
			name = Debug;
		};
		0061C78A1B8B3A2D00517873 /* Release */ = {
			isa = XCBuildConfiguration;
			buildSettings = {
				BUNDLE_LOADER = "$(TEST_HOST)";
				INFOPLIST_FILE = "D-ControlsTests/Info.plist";
				LD_RUNPATH_SEARCH_PATHS = "$(inherited) @executable_path/Frameworks @loader_path/Frameworks";
				PRODUCT_BUNDLE_IDENTIFIER = "sundeinfo.D-ControlsTests";
				PRODUCT_NAME = "$(TARGET_NAME)";
				TEST_HOST = "$(BUILT_PRODUCTS_DIR)/D-Controls.app/D-Controls";
			};
			name = Release;
		};
		0061C78C1B8B3A2D00517873 /* Debug */ = {
			isa = XCBuildConfiguration;
			buildSettings = {
				INFOPLIST_FILE = "D-ControlsUITests/Info.plist";
				LD_RUNPATH_SEARCH_PATHS = "$(inherited) @executable_path/Frameworks @loader_path/Frameworks";
				PRODUCT_BUNDLE_IDENTIFIER = "sundeinfo.D-ControlsUITests";
				PRODUCT_NAME = "$(TARGET_NAME)";
				TEST_TARGET_NAME = "D-Controls";
				USES_XCTRUNNER = YES;
			};
			name = Debug;
		};
		0061C78D1B8B3A2D00517873 /* Release */ = {
			isa = XCBuildConfiguration;
			buildSettings = {
				INFOPLIST_FILE = "D-ControlsUITests/Info.plist";
				LD_RUNPATH_SEARCH_PATHS = "$(inherited) @executable_path/Frameworks @loader_path/Frameworks";
				PRODUCT_BUNDLE_IDENTIFIER = "sundeinfo.D-ControlsUITests";
				PRODUCT_NAME = "$(TARGET_NAME)";
				TEST_TARGET_NAME = "D-Controls";
				USES_XCTRUNNER = YES;
			};
			name = Release;
		};
/* End XCBuildConfiguration section */

/* Begin XCConfigurationList section */
		0061C7531B8B3A2D00517873 /* Build configuration list for PBXProject "D-Controls" */ = {
			isa = XCConfigurationList;
			buildConfigurations = (
				0061C7831B8B3A2D00517873 /* Debug */,
				0061C7841B8B3A2D00517873 /* Release */,
			);
			defaultConfigurationIsVisible = 0;
			defaultConfigurationName = Release;
		};
		0061C7851B8B3A2D00517873 /* Build configuration list for PBXNativeTarget "D-Controls" */ = {
			isa = XCConfigurationList;
			buildConfigurations = (
				0061C7861B8B3A2D00517873 /* Debug */,
				0061C7871B8B3A2D00517873 /* Release */,
			);
			defaultConfigurationIsVisible = 0;
			defaultConfigurationName = Release;
		};
		0061C7881B8B3A2D00517873 /* Build configuration list for PBXNativeTarget "D-ControlsTests" */ = {
			isa = XCConfigurationList;
			buildConfigurations = (
				0061C7891B8B3A2D00517873 /* Debug */,
				0061C78A1B8B3A2D00517873 /* Release */,
			);
			defaultConfigurationIsVisible = 0;
			defaultConfigurationName = Release;
		};
		0061C78B1B8B3A2D00517873 /* Build configuration list for PBXNativeTarget "D-ControlsUITests" */ = {
			isa = XCConfigurationList;
			buildConfigurations = (
				0061C78C1B8B3A2D00517873 /* Debug */,
				0061C78D1B8B3A2D00517873 /* Release */,
			);
			defaultConfigurationIsVisible = 0;
			defaultConfigurationName = Release;
		};
/* End XCConfigurationList section */
	};
	rootObject = 0061C7501B8B3A2D00517873 /* Project object */;
}
